
Microsoft Visual Studio Solution File, Format Version 12.00
# Visual Studio Version 17
VisualStudioVersion = 17.13.35825.156
MinimumVisualStudioVersion = 10.0.40219.1
Project("{FAE04EC0-301F-11D3-BF4B-00C04F79EFBC}") = "ConsoleApp", "ConsoleApp\ConsoleApp.csproj", "{8CC45215-21B7-4C74-A862-6A5F28F80767}"
EndProject
Project("{FAE04EC0-301F-11D3-BF4B-00C04F79EFBC}") = "task2", "task2\task2.csproj", "{305B86C9-4924-47A6-82BD-C84C6CA30AA6}"
EndProject
Global
	GlobalSection(SolutionConfigurationPlatforms) = preSolution
		Debug|Any CPU = Debug|Any CPU
		Release|Any CPU = Release|Any CPU
	EndGlobalSection
	GlobalSection(ProjectConfigurationPlatforms) = postSolution
		{8CC45215-21B7-4C74-A862-6A5F28F80767}.Debug|Any CPU.ActiveCfg = Debug|Any CPU
		{8CC45215-21B7-4C74-A862-6A5F28F80767}.Debug|Any CPU.Build.0 = Debug|Any CPU
		{8CC45215-21B7-4C74-A862-6A5F28F80767}.Release|Any CPU.ActiveCfg = Release|Any CPU
		{8CC45215-21B7-4C74-A862-6A5F28F80767}.Release|Any CPU.Build.0 = Release|Any CPU
		{305B86C9-4924-47A6-82BD-C84C6CA30AA6}.Debug|Any CPU.ActiveCfg = Debug|Any CPU
		{305B86C9-4924-47A6-82BD-C84C6CA30AA6}.Debug|Any CPU.Build.0 = Debug|Any CPU
		{305B86C9-4924-47A6-82BD-C84C6CA30AA6}.Release|Any CPU.ActiveCfg = Release|Any CPU
		{305B86C9-4924-47A6-82BD-C84C6CA30AA6}.Release|Any CPU.Build.0 = Release|Any CPU
	EndGlobalSection
	GlobalSection(SolutionProperties) = preSolution
		HideSolutionNode = FALSE
	EndGlobalSection
	GlobalSection(ExtensibilityGlobals) = postSolution
		SolutionGuid = {B97383D0-47A4-4600-9D0E-6AA4E46E4A00}
	EndGlobalSection
EndGlobal
